Microsoft Visual Studio Solution File, Format Version 12.00
# Visual Studio Version 17
VisualStudioVersion = 17.13.35806.99
MinimumVisualStudioVersion = 10.0.40219.1
Project("{FAE04EC0-301F-11D3-BF4B-00C04F79EFBC}") = "ASPNETWebAppMVCStudentApp", "ASPNETWebAppMVCStudentApp.csproj", "{0BDE8997-96D0-409E-8F59-66EFDFBF9F2F}"
EndProject
Project("{2150E333-8FDC-42A3-9474-1A3956D46DE8}") = "Solution Items", "Solution Items", "{8EC462FD-D22E-90A8-E5CE-7E832BA40C5D}"
	ProjectSection(SolutionItems) = preProject
		SqlQuery_1.sql = SqlQuery_1.sql
	EndProjectSection
EndProject
Global
	GlobalSection(SolutionConfigurationPlatforms) = preSolution
		Debug|Any CPU = Debug|Any CPU
		Release|Any CPU = Release|Any CPU
	EndGlobalSection
	GlobalSection(ProjectConfigurationPlatforms) = postSolution
		{0BDE8997-96D0-409E-8F59-66EFDFBF9F2F}.Debug|Any CPU.ActiveCfg = Debug|Any CPU
		{0BDE8997-96D0-409E-8F59-66EFDFBF9F2F}.Debug|Any CPU.Build.0 = Debug|Any CPU
		{0BDE8997-96D0-409E-8F59-66EFDFBF9F2F}.Release|Any CPU.ActiveCfg = Release|Any CPU
		{0BDE8997-96D0-409E-8F59-66EFDFBF9F2F}.Release|Any CPU.Build.0 = Release|Any CPU
	EndGlobalSection
	GlobalSection(SolutionProperties) = preSolution
		HideSolutionNode = FALSE
	EndGlobalSection
	GlobalSection(ExtensibilityGlobals) = postSolution
		SolutionGuid = {9E098F90-6D4C-4370-9A49-236C914B60A2}
	EndGlobalSection
EndGlobal
