Microsoft Visual Studio Solution File, Format Version 12.00
# Visual Studio Version 17
VisualStudioVersion = 17.13.35806.99
MinimumVisualStudioVersion = 10.0.40219.1
Project("{FAE04EC0-301F-11D3-BF4B-00C04F79EFBC}") = "ASPNETWebAppMVCStudentApp", "ASPNETWebAppMVCStudentApp.csproj", "{0BDE8997-96D0-409E-8F59-66EFDFBF9F2F}"
EndProject
Global
	GlobalSection(SolutionConfigurationPlatforms) = preSolution
		Debug|Any CPU = Debug|Any CPU
		Release|Any CPU = Release|Any CPU
	EndGlobalSection
	GlobalSection(ProjectConfigurationPlatforms) = postSolution
		{0BDE8997-96D0-409E-8F59-66EFDFBF9F2F}.Debug|Any CPU.ActiveCfg = Debug|Any CPU
		{0BDE8997-96D0-409E-8F59-66EFDFBF9F2F}.Debug|Any CPU.Build.0 = Debug|Any CPU
		{0BDE8997-96D0-409E-8F59-66EFDFBF9F2F}.Release|Any CPU.ActiveCfg = Release|Any CPU
		{0BDE8997-96D0-409E-8F59-66EFDFBF9F2F}.Release|Any CPU.Build.0 = Release|Any CPU
	EndGlobalSection
	GlobalSection(SolutionProperties) = preSolution
		HideSolutionNode = FALSE
	EndGlobalSection
	GlobalSection(ExtensibilityGlobals) = postSolution
		SolutionGuid = {9E098F90-6D4C-4370-9A49-236C914B60A2}
	EndGlobalSection
EndGlobal
